// !$*UTF8*$!
{
	archiveVersion = 1;
	classes = {
	};
	objectVersion = 46;
	objects = {

/* Begin PBXBuildFile section */
		6E2DA2651EB7DFFE00CDF552 /* UI Files in Resources */ = {isa = PBXBuildFile; fileRef = 6E2DA2641EB7DFFE00CDF552 /* UI Files */; };
		6E2DA26A1EB7E2E800CDF552 /* RegistrationViewController.swift in Sources */ = {isa = PBXBuildFile; fileRef = 6E2DA2691EB7E2E800CDF552 /* RegistrationViewController.swift */; };
		6E2DA26C1EB7E32900CDF552 /* LoginViewController.swift in Sources */ = {isa = PBXBuildFile; fileRef = 6E2DA26B1EB7E32900CDF552 /* LoginViewController.swift */; };
		6E2DA26E1EB7E33600CDF552 /* SignUpViewController.swift in Sources */ = {isa = PBXBuildFile; fileRef = 6E2DA26D1EB7E33600CDF552 /* SignUpViewController.swift */; };
		6E2DA2711EB7E36700CDF552 /* HomepageViewController.swift in Sources */ = {isa = PBXBuildFile; fileRef = 6E2DA2701EB7E36700CDF552 /* HomepageViewController.swift */; };
		6E2DA2731EB7E37F00CDF552 /* RestaurantViewController.swift in Sources */ = {isa = PBXBuildFile; fileRef = 6E2DA2721EB7E37F00CDF552 /* RestaurantViewController.swift */; };
		6E2DA2751EB7E39000CDF552 /* MeetMeViewController.swift in Sources */ = {isa = PBXBuildFile; fileRef = 6E2DA2741EB7E39000CDF552 /* MeetMeViewController.swift */; };
		6E2DA2771EB7E3A300CDF552 /* ProfileViewController.swift in Sources */ = {isa = PBXBuildFile; fileRef = 6E2DA2761EB7E3A300CDF552 /* ProfileViewController.swift */; };
		6E2DA2791EB7E3D500CDF552 /* MatchesViewController.swift in Sources */ = {isa = PBXBuildFile; fileRef = 6E2DA2781EB7E3D500CDF552 /* MatchesViewController.swift */; };
		6E2DA27B1EB7E40900CDF552 /* MessagesViewController.swift in Sources */ = {isa = PBXBuildFile; fileRef = 6E2DA27A1EB7E40900CDF552 /* MessagesViewController.swift */; };
		6E2DA27D1EB7E42D00CDF552 /* SettingsViewController.swift in Sources */ = {isa = PBXBuildFile; fileRef = 6E2DA27C1EB7E42D00CDF552 /* SettingsViewController.swift */; };
		6E5906AE1EB16B50004CBD56 /* AppDelegate.swift in Sources */ = {isa = PBXBuildFile; fileRef = 6E5906AD1EB16B50004CBD56 /* AppDelegate.swift */; };
		6E5906B01EB16B50004CBD56 /* IntroViewController.swift in Sources */ = {isa = PBXBuildFile; fileRef = 6E5906AF1EB16B50004CBD56 /* IntroViewController.swift */; };
		6E5906B31EB16B50004CBD56 /* Main.storyboard in Resources */ = {isa = PBXBuildFile; fileRef = 6E5906B11EB16B50004CBD56 /* Main.storyboard */; };
		6E5906B51EB16B50004CBD56 /* Assets.xcassets in Resources */ = {isa = PBXBuildFile; fileRef = 6E5906B41EB16B50004CBD56 /* Assets.xcassets */; };
		6E5906B81EB16B50004CBD56 /* LaunchScreen.storyboard in Resources */ = {isa = PBXBuildFile; fileRef = 6E5906B61EB16B50004CBD56 /* LaunchScreen.storyboard */; };
/* End PBXBuildFile section */

/* Begin PBXFileReference section */
		6E2DA2641EB7DFFE00CDF552 /* UI Files */ = {isa = PBXFileReference; lastKnownFileType = folder; path = "UI Files"; sourceTree = "<group>"; };
		6E2DA2691EB7E2E800CDF552 /* RegistrationViewController.swift */ = {isa = PBXFileReference; fileEncoding = 4; lastKnownFileType = sourcecode.swift; path = RegistrationViewController.swift; sourceTree = "<group>"; };
		6E2DA26B1EB7E32900CDF552 /* LoginViewController.swift */ = {isa = PBXFileReference; fileEncoding = 4; lastKnownFileType = sourcecode.swift; path = LoginViewController.swift; sourceTree = "<group>"; };
		6E2DA26D1EB7E33600CDF552 /* SignUpViewController.swift */ = {isa = PBXFileReference; fileEncoding = 4; lastKnownFileType = sourcecode.swift; path = SignUpViewController.swift; sourceTree = "<group>"; };
		6E2DA2701EB7E36700CDF552 /* HomepageViewController.swift */ = {isa = PBXFileReference; fileEncoding = 4; lastKnownFileType = sourcecode.swift; path = HomepageViewController.swift; sourceTree = "<group>"; };
		6E2DA2721EB7E37F00CDF552 /* RestaurantViewController.swift */ = {isa = PBXFileReference; fileEncoding = 4; lastKnownFileType = sourcecode.swift; path = RestaurantViewController.swift; sourceTree = "<group>"; };
		6E2DA2741EB7E39000CDF552 /* MeetMeViewController.swift */ = {isa = PBXFileReference; fileEncoding = 4; lastKnownFileType = sourcecode.swift; path = MeetMeViewController.swift; sourceTree = "<group>"; };
		6E2DA2761EB7E3A300CDF552 /* ProfileViewController.swift */ = {isa = PBXFileReference; fileEncoding = 4; lastKnownFileType = sourcecode.swift; path = ProfileViewController.swift; sourceTree = "<group>"; };
		6E2DA2781EB7E3D500CDF552 /* MatchesViewController.swift */ = {isa = PBXFileReference; fileEncoding = 4; lastKnownFileType = sourcecode.swift; path = MatchesViewController.swift; sourceTree = "<group>"; };
		6E2DA27A1EB7E40900CDF552 /* MessagesViewController.swift */ = {isa = PBXFileReference; fileEncoding = 4; lastKnownFileType = sourcecode.swift; path = MessagesViewController.swift; sourceTree = "<group>"; };
		6E2DA27C1EB7E42D00CDF552 /* SettingsViewController.swift */ = {isa = PBXFileReference; fileEncoding = 4; lastKnownFileType = sourcecode.swift; path = SettingsViewController.swift; sourceTree = "<group>"; };
		6E5906AA1EB16B50004CBD56 /* Spontaneity.app */ = {isa = PBXFileReference; explicitFileType = wrapper.application; includeInIndex = 0; path = Spontaneity.app; sourceTree = BUILT_PRODUCTS_DIR; };
		6E5906AD1EB16B50004CBD56 /* AppDelegate.swift */ = {isa = PBXFileReference; lastKnownFileType = sourcecode.swift; path = AppDelegate.swift; sourceTree = "<group>"; };
		6E5906AF1EB16B50004CBD56 /* IntroViewController.swift */ = {isa = PBXFileReference; lastKnownFileType = sourcecode.swift; path = IntroViewController.swift; sourceTree = "<group>"; };
		6E5906B21EB16B50004CBD56 /* Base */ = {isa = PBXFileReference; lastKnownFileType = file.storyboard; name = Base; path = Base.lproj/Main.storyboard; sourceTree = "<group>"; };
		6E5906B41EB16B50004CBD56 /* Assets.xcassets */ = {isa = PBXFileReference; lastKnownFileType = folder.assetcatalog; path = Assets.xcassets; sourceTree = "<group>"; };
		6E5906B71EB16B50004CBD56 /* Base */ = {isa = PBXFileReference; lastKnownFileType = file.storyboard; name = Base; path = Base.lproj/LaunchScreen.storyboard; sourceTree = "<group>"; };
		6E5906B91EB16B50004CBD56 /* Info.plist */ = {isa = PBXFileReference; lastKnownFileType = text.plist.xml; path = Info.plist; sourceTree = "<group>"; };
/* End PBXFileReference section */

/* Begin PBXFrameworksBuildPhase section */
		6E5906A71EB16B50004CBD56 /* Frameworks */ = {
			isa = PBXFrameworksBuildPhase;
			buildActionMask = 2147483647;
			files = (
			);
			runOnlyForDeploymentPostprocessing = 0;
		};
/* End PBXFrameworksBuildPhase section */

/* Begin PBXGroup section */
		6E2DA2661EB7E27B00CDF552 /* Controllers */ = {
			isa = PBXGroup;
			children = (
				6E2DA26F1EB7E34800CDF552 /* Login/SignUp */,
				6E2DA27F1EB7E51900CDF552 /* Main/ System */,
				6E2DA27E1EB7E50300CDF552 /* Matches */,
			);
			name = Controllers;
			sourceTree = "<group>";
		};
		6E2DA2671EB7E28500CDF552 /* Views */ = {
			isa = PBXGroup;
			children = (
				6E5906B61EB16B50004CBD56 /* LaunchScreen.storyboard */,
				6E2DA2641EB7DFFE00CDF552 /* UI Files */,
				6E5906B41EB16B50004CBD56 /* Assets.xcassets */,
				6E5906B11EB16B50004CBD56 /* Main.storyboard */,
			);
			name = Views;
			sourceTree = "<group>";
		};
		6E2DA2681EB7E28B00CDF552 /* System */ = {
			isa = PBXGroup;
			children = (
				6E5906B91EB16B50004CBD56 /* Info.plist */,
				6E5906AD1EB16B50004CBD56 /* AppDelegate.swift */,
			);
			name = System;
			sourceTree = "<group>";
		};
		6E2DA26F1EB7E34800CDF552 /* Login/SignUp */ = {
			isa = PBXGroup;
			children = (
				6E2DA2691EB7E2E800CDF552 /* RegistrationViewController.swift */,
				6E2DA26B1EB7E32900CDF552 /* LoginViewController.swift */,
				6E2DA26D1EB7E33600CDF552 /* SignUpViewController.swift */,
				6E5906AF1EB16B50004CBD56 /* IntroViewController.swift */,
			);
			name = Login/SignUp;
			sourceTree = "<group>";
		};
		6E2DA27E1EB7E50300CDF552 /* Matches */ = {
			isa = PBXGroup;
			children = (
				6E2DA2741EB7E39000CDF552 /* MeetMeViewController.swift */,
				6E2DA2721EB7E37F00CDF552 /* RestaurantViewController.swift */,
				6E2DA27A1EB7E40900CDF552 /* MessagesViewController.swift */,
				6E2DA2781EB7E3D500CDF552 /* MatchesViewController.swift */,
			);
			name = Matches;
			sourceTree = "<group>";
		};
		6E2DA27F1EB7E51900CDF552 /* Main/ System */ = {
			isa = PBXGroup;
			children = (
				6E2DA2761EB7E3A300CDF552 /* ProfileViewController.swift */,
				6E2DA27C1EB7E42D00CDF552 /* SettingsViewController.swift */,
				6E2DA2701EB7E36700CDF552 /* HomepageViewController.swift */,
			);
			name = "Main/ System";
			sourceTree = "<group>";
		};
		6E5906A11EB16B50004CBD56 = {
			isa = PBXGroup;
			children = (
				6E5906AC1EB16B50004CBD56 /* Spontaneity */,
				6E5906AB1EB16B50004CBD56 /* Products */,
			);
			sourceTree = "<group>";
		};
		6E5906AB1EB16B50004CBD56 /* Products */ = {
			isa = PBXGroup;
			children = (
				6E5906AA1EB16B50004CBD56 /* Spontaneity.app */,
			);
			name = Products;
			sourceTree = "<group>";
		};
		6E5906AC1EB16B50004CBD56 /* Spontaneity */ = {
			isa = PBXGroup;
			children = (
				6E2DA2681EB7E28B00CDF552 /* System */,
				6E2DA2671EB7E28500CDF552 /* Views */,
				6E2DA2661EB7E27B00CDF552 /* Controllers */,
			);
			path = Spontaneity;
			sourceTree = "<group>";
		};
/* End PBXGroup section */

/* Begin PBXNativeTarget section */
		6E5906A91EB16B50004CBD56 /* Spontaneity */ = {
			isa = PBXNativeTarget;
			buildConfigurationList = 6E5906BC1EB16B50004CBD56 /* Build configuration list for PBXNativeTarget "Spontaneity" */;
			buildPhases = (
				6E5906A61EB16B50004CBD56 /* Sources */,
				6E5906A71EB16B50004CBD56 /* Frameworks */,
				6E5906A81EB16B50004CBD56 /* Resources */,
			);
			buildRules = (
			);
			dependencies = (
			);
			name = Spontaneity;
			productName = Spontaneity;
			productReference = 6E5906AA1EB16B50004CBD56 /* Spontaneity.app */;
			productType = "com.apple.product-type.application";
		};
/* End PBXNativeTarget section */

/* Begin PBXProject section */
		6E5906A21EB16B50004CBD56 /* Project object */ = {
			isa = PBXProject;
			attributes = {
				LastSwiftUpdateCheck = 0830;
				LastUpgradeCheck = 0830;
				ORGANIZATIONNAME = JustinDoo;
				TargetAttributes = {
					6E5906A91EB16B50004CBD56 = {
						CreatedOnToolsVersion = 8.3.2;
						DevelopmentTeam = 8W3UY4SPV9;
						ProvisioningStyle = Automatic;
					};
				};
			};
			buildConfigurationList = 6E5906A51EB16B50004CBD56 /* Build configuration list for PBXProject "Spontaneity" */;
			compatibilityVersion = "Xcode 3.2";
			developmentRegion = English;
			hasScannedForEncodings = 0;
			knownRegions = (
				en,
				Base,
			);
			mainGroup = 6E5906A11EB16B50004CBD56;
			productRefGroup = 6E5906AB1EB16B50004CBD56 /* Products */;
			projectDirPath = "";
			projectRoot = "";
			targets = (
				6E5906A91EB16B50004CBD56 /* Spontaneity */,
			);
		};
/* End PBXProject section */

/* Begin PBXResourcesBuildPhase section */
		6E5906A81EB16B50004CBD56 /* Resources */ = {
			isa = PBXResourcesBuildPhase;
			buildActionMask = 2147483647;
			files = (
				6E5906B81EB16B50004CBD56 /* LaunchScreen.storyboard in Resources */,
				6E5906B51EB16B50004CBD56 /* Assets.xcassets in Resources */,
				6E2DA2651EB7DFFE00CDF552 /* UI Files in Resources */,
				6E5906B31EB16B50004CBD56 /* Main.storyboard in Resources */,
			);
			runOnlyForDeploymentPostprocessing = 0;
		};
/* End PBXResourcesBuildPhase section */

/* Begin PBXSourcesBuildPhase section */
		6E5906A61EB16B50004CBD56 /* Sources */ = {
			isa = PBXSourcesBuildPhase;
			buildActionMask = 2147483647;
			files = (
				6E2DA26C1EB7E32900CDF552 /* LoginViewController.swift in Sources */,
				6E2DA2751EB7E39000CDF552 /* MeetMeViewController.swift in Sources */,
				6E2DA2791EB7E3D500CDF552 /* MatchesViewController.swift in Sources */,
				6E2DA26A1EB7E2E800CDF552 /* RegistrationViewController.swift in Sources */,
				6E2DA2731EB7E37F00CDF552 /* RestaurantViewController.swift in Sources */,
				6E2DA2711EB7E36700CDF552 /* HomepageViewController.swift in Sources */,
				6E5906B01EB16B50004CBD56 /* IntroViewController.swift in Sources */,
				6E2DA2771EB7E3A300CDF552 /* ProfileViewController.swift in Sources */,
				6E5906AE1EB16B50004CBD56 /* AppDelegate.swift in Sources */,
				6E2DA27B1EB7E40900CDF552 /* MessagesViewController.swift in Sources */,
				6E2DA26E1EB7E33600CDF552 /* SignUpViewController.swift in Sources */,
				6E2DA27D1EB7E42D00CDF552 /* SettingsViewController.swift in Sources */,
			);
			runOnlyForDeploymentPostprocessing = 0;
		};
/* End PBXSourcesBuildPhase section */

/* Begin PBXVariantGroup section */
		6E5906B11EB16B50004CBD56 /* Main.storyboard */ = {
			isa = PBXVariantGroup;
			children = (
				6E5906B21EB16B50004CBD56 /* Base */,
			);
			name = Main.storyboard;
			sourceTree = "<group>";
		};
		6E5906B61EB16B50004CBD56 /* LaunchScreen.storyboard */ = {
			isa = PBXVariantGroup;
			children = (
				6E5906B71EB16B50004CBD56 /* Base */,
			);
			name = LaunchScreen.storyboard;
			sourceTree = "<group>";
		};
/* End PBXVariantGroup section */

/* Begin XCBuildConfiguration section */
		6E5906BA1EB16B50004CBD56 /* Debug */ = {
			isa = XCBuildConfiguration;
			buildSettings = {
				ALWAYS_SEARCH_USER_PATHS = NO;
				CLANG_ANALYZER_NONNULL = YES;
				CLANG_ANALYZER_NUMBER_OBJECT_CONVERSION = YES_AGGRESSIVE;
				CLANG_CXX_LANGUAGE_STANDARD = "gnu++0x";
				CLANG_CXX_LIBRARY = "libc++";
				CLANG_ENABLE_MODULES = YES;
				CLANG_ENABLE_OBJC_ARC = YES;
				CLANG_WARN_BOOL_CONVERSION = YES;
				CLANG_WARN_CONSTANT_CONVERSION = YES;
				CLANG_WARN_DIRECT_OBJC_ISA_USAGE = YES_ERROR;
				CLANG_WARN_DOCUMENTATION_COMMENTS = YES;
				CLANG_WARN_EMPTY_BODY = YES;
				CLANG_WARN_ENUM_CONVERSION = YES;
				CLANG_WARN_INFINITE_RECURSION = YES;
				CLANG_WARN_INT_CONVERSION = YES;
				CLANG_WARN_OBJC_ROOT_CLASS = YES_ERROR;
				CLANG_WARN_SUSPICIOUS_MOVE = YES;
				CLANG_WARN_UNREACHABLE_CODE = YES;
				CLANG_WARN__DUPLICATE_METHOD_MATCH = YES;
				"CODE_SIGN_IDENTITY[sdk=iphoneos*]" = "iPhone Developer";
				COPY_PHASE_STRIP = NO;
				DEBUG_INFORMATION_FORMAT = dwarf;
				ENABLE_STRICT_OBJC_MSGSEND = YES;
				ENABLE_TESTABILITY = YES;
				GCC_C_LANGUAGE_STANDARD = gnu99;
				GCC_DYNAMIC_NO_PIC = NO;
				GCC_NO_COMMON_BLOCKS = YES;
				GCC_OPTIMIZATION_LEVEL = 0;
				GCC_PREPROCESSOR_DEFINITIONS = (
					"DEBUG=1",
					"$(inherited)",
				);
				GCC_WARN_64_TO_32_BIT_CONVERSION = YES;
				GCC_WARN_ABOUT_RETURN_TYPE = YES_ERROR;
				GCC_WARN_UNDECLARED_SELECTOR = YES;
				GCC_WARN_UNINITIALIZED_AUTOS = YES_AGGRESSIVE;
				GCC_WARN_UNUSED_FUNCTION = YES;
				GCC_WARN_UNUSED_VARIABLE = YES;
				IPHONEOS_DEPLOYMENT_TARGET = 10.3;
				MTL_ENABLE_DEBUG_INFO = YES;
				ONLY_ACTIVE_ARCH = YES;
				SDKROOT = iphoneos;
				SWIFT_ACTIVE_COMPILATION_CONDITIONS = DEBUG;
				SWIFT_OPTIMIZATION_LEVEL = "-Onone";
			};
			name = Debug;
		};
		6E5906BB1EB16B50004CBD56 /* Release */ = {
			isa = XCBuildConfiguration;
			buildSettings = {
				ALWAYS_SEARCH_USER_PATHS = NO;
				CLANG_ANALYZER_NONNULL = YES;
				CLANG_ANALYZER_NUMBER_OBJECT_CONVERSION = YES_AGGRESSIVE;
				CLANG_CXX_LANGUAGE_STANDARD = "gnu++0x";
				CLANG_CXX_LIBRARY = "libc++";
				CLANG_ENABLE_MODULES = YES;
				CLANG_ENABLE_OBJC_ARC = YES;
				CLANG_WARN_BOOL_CONVERSION = YES;
				CLANG_WARN_CONSTANT_CONVERSION = YES;
				CLANG_WARN_DIRECT_OBJC_ISA_USAGE = YES_ERROR;
				CLANG_WARN_DOCUMENTATION_COMMENTS = YES;
				CLANG_WARN_EMPTY_BODY = YES;
				CLANG_WARN_ENUM_CONVERSION = YES;
				CLANG_WARN_INFINITE_RECURSION = YES;
				CLANG_WARN_INT_CONVERSION = YES;
				CLANG_WARN_OBJC_ROOT_CLASS = YES_ERROR;
				CLANG_WARN_SUSPICIOUS_MOVE = YES;
				CLANG_WARN_UNREACHABLE_CODE = YES;
				CLANG_WARN__DUPLICATE_METHOD_MATCH = YES;
				"CODE_SIGN_IDENTITY[sdk=iphoneos*]" = "iPhone Developer";
				COPY_PHASE_STRIP = NO;
				DEBUG_INFORMATION_FORMAT = "dwarf-with-dsym";
				ENABLE_NS_ASSERTIONS = NO;
				ENABLE_STRICT_OBJC_MSGSEND = YES;
				GCC_C_LANGUAGE_STANDARD = gnu99;
				GCC_NO_COMMON_BLOCKS = YES;
				GCC_WARN_64_TO_32_BIT_CONVERSION = YES;
				GCC_WARN_ABOUT_RETURN_TYPE = YES_ERROR;
				GCC_WARN_UNDECLARED_SELECTOR = YES;
				GCC_WARN_UNINITIALIZED_AUTOS = YES_AGGRESSIVE;
				GCC_WARN_UNUSED_FUNCTION = YES;
				GCC_WARN_UNUSED_VARIABLE = YES;
				IPHONEOS_DEPLOYMENT_TARGET = 10.3;
				MTL_ENABLE_DEBUG_INFO = NO;
				SDKROOT = iphoneos;
				SWIFT_OPTIMIZATION_LEVEL = "-Owholemodule";
				VALIDATE_PRODUCT = YES;
			};
			name = Release;
		};
		6E5906BD1EB16B50004CBD56 /* Debug */ = {
			isa = XCBuildConfiguration;
			buildSettings = {
				ASSETCATALOG_COMPILER_APPICON_NAME = AppIcon;
				DEVELOPMENT_TEAM = 8W3UY4SPV9;
				INFOPLIST_FILE = Spontaneity/Info.plist;
				LD_RUNPATH_SEARCH_PATHS = "$(inherited) @executable_path/Frameworks";
				PRODUCT_BUNDLE_IDENTIFIER = com.justindoo.Spontaneity;
				PRODUCT_NAME = "$(TARGET_NAME)";
				SWIFT_VERSION = 3.0;
			};
			name = Debug;
		};
		6E5906BE1EB16B50004CBD56 /* Release */ = {
			isa = XCBuildConfiguration;
			buildSettings = {
				ASSETCATALOG_COMPILER_APPICON_NAME = AppIcon;
				DEVELOPMENT_TEAM = 8W3UY4SPV9;
				INFOPLIST_FILE = Spontaneity/Info.plist;
				LD_RUNPATH_SEARCH_PATHS = "$(inherited) @executable_path/Frameworks";
				PRODUCT_BUNDLE_IDENTIFIER = com.justindoo.Spontaneity;
				PRODUCT_NAME = "$(TARGET_NAME)";
				SWIFT_VERSION = 3.0;
			};
			name = Release;
		};
/* End XCBuildConfiguration section */

/* Begin XCConfigurationList section */
		6E5906A51EB16B50004CBD56 /* Build configuration list for PBXProject "Spontaneity" */ = {
			isa = XCConfigurationList;
			buildConfigurations = (
				6E5906BA1EB16B50004CBD56 /* Debug */,
				6E5906BB1EB16B50004CBD56 /* Release */,
			);
			defaultConfigurationIsVisible = 0;
			defaultConfigurationName = Release;
		};
		6E5906BC1EB16B50004CBD56 /* Build configuration list for PBXNativeTarget "Spontaneity" */ = {
			isa = XCConfigurationList;
			buildConfigurations = (
				6E5906BD1EB16B50004CBD56 /* Debug */,
				6E5906BE1EB16B50004CBD56 /* Release */,
			);
			defaultConfigurationIsVisible = 0;
			defaultConfigurationName = Release;
		};
/* End XCConfigurationList section */
	};
	rootObject = 6E5906A21EB16B50004CBD56 /* Project object */;
}
